<?xml version="1.0" encoding="utf-8"?>
<Project ToolsVersion="4.0" xmlns="http://schemas.microsoft.com/developer/msbuild/2003">
  <ItemGroup>
    <ClCompile Include="..\Renderer\VDWindowManager.cpp" />
    <ClCompile Include="..\Renderer\Camera.cpp">
      <Filter>Render</Filter>
    </ClCompile>
    <ClCompile Include="..\Renderer\VDRender.cpp">
      <Filter>Render</Filter>
    </ClCompile>
  </ItemGroup>
  <ItemGroup>
    <Filter Include="Shader">
      <UniqueIdentifier>{32de4bed-2f6d-4ceb-bc5f-d4db00ae7dfa}</UniqueIdentifier>
    </Filter>
    <Filter Include="Render">
      <UniqueIdentifier>{7432e5b7-f8fb-4724-9cfe-91218218058d}</UniqueIdentifier>
    </Filter>
  </ItemGroup>
  <ItemGroup>
    <FxCompile Include="..\Renderer\AllPixelShader.hlsl">
      <Filter>Shader</Filter>
    </FxCompile>
    <FxCompile Include="..\Renderer\PixelShader.hlsl">
      <Filter>Shader</Filter>
    </FxCompile>
    <FxCompile Include="..\Renderer\NullPixelShader.hlsl">
      <Filter>Shader</Filter>
    </FxCompile>
    <FxCompile Include="..\Renderer\VertexShader.hlsl">
      <Filter>Shader</Filter>
    </FxCompile>
  </ItemGroup>
  <ItemGroup>
    <ClInclude Include="..\Renderer\VDWindowManager.h" />
    <ClInclude Include="..\Renderer\Camera.h">
      <Filter>Render</Filter>
    </ClInclude>
    <ClInclude Include="..\Renderer\VDRender.h">
      <Filter>Render</Filter>
    </ClInclude>
  </ItemGroup>
  <ItemGroup>
    <None Include="packages.config" />
  </ItemGroup>
</Project>