<?xml version="1.0" encoding="utf-8"?>
<Project ToolsVersion="4.0" xmlns="http://schemas.microsoft.com/developer/msbuild/2003">
  <ItemGroup>
    <ClCompile Include="Renderer.cpp">
      <Filter>Render</Filter>
    </ClCompile>
    <ClCompile Include="WindowManager.cpp">
      <Filter>Window</Filter>
    </ClCompile>
    <ClCompile Include="Scene.cpp">
      <Filter>Scene</Filter>
    </ClCompile>
    <ClCompile Include="Object.cpp">
      <Filter>Object</Filter>
    </ClCompile>
    <ClCompile Include="ObjFileParser.cpp">
      <Filter>Parser</Filter>
    </ClCompile>
    <ClCompile Include="Component.cpp">
      <Filter>Component</Filter>
    </ClCompile>
    <ClCompile Include="Camera.cpp">
      <Filter>Component\RenderingRelated</Filter>
    </ClCompile>
    <ClCompile Include="Light.cpp">
      <Filter>Component\RenderingRelated</Filter>
    </ClCompile>
    <ClCompile Include="Shape.cpp">
      <Filter>Component\RenderingRelated</Filter>
    </ClCompile>
    <ClCompile Include="Collider.cpp">
      <Filter>Component</Filter>
    </ClCompile>
    <ClCompile Include="pch.cpp" />
    <ClCompile Include="GameManager.cpp">
      <Filter>Game</Filter>
    </ClCompile>
  </ItemGroup>
  <ItemGroup>
    <Filter Include="Shader">
      <UniqueIdentifier>{32de4bed-2f6d-4ceb-bc5f-d4db00ae7dfa}</UniqueIdentifier>
    </Filter>
    <Filter Include="Render">
      <UniqueIdentifier>{7432e5b7-f8fb-4724-9cfe-91218218058d}</UniqueIdentifier>
    </Filter>
    <Filter Include="Window">
      <UniqueIdentifier>{375838a5-4901-4405-81d9-f6307aaf60e9}</UniqueIdentifier>
    </Filter>
    <Filter Include="Scene">
      <UniqueIdentifier>{dbc7f6b9-a03c-40be-83ef-d4f57e1b095e}</UniqueIdentifier>
    </Filter>
    <Filter Include="Object">
      <UniqueIdentifier>{bdc26316-3c48-4773-b232-e7a70ee7a6f3}</UniqueIdentifier>
    </Filter>
    <Filter Include="Parser">
      <UniqueIdentifier>{1c6fed32-0140-4ec4-b8f6-7fd881926905}</UniqueIdentifier>
    </Filter>
    <Filter Include="Component">
      <UniqueIdentifier>{74d01adb-e5fc-4323-b2e0-3c3d03d9440a}</UniqueIdentifier>
    </Filter>
    <Filter Include="Component\RenderingRelated">
      <UniqueIdentifier>{ad776b06-b34b-4ec4-9c8d-a1cc3b4ee379}</UniqueIdentifier>
    </Filter>
    <Filter Include="Game">
      <UniqueIdentifier>{4a85e406-59ed-4989-98f1-5cb1121c66b5}</UniqueIdentifier>
    </Filter>
    <Filter Include="Shader\Shadow">
      <UniqueIdentifier>{0e560bbc-77ca-4656-979b-e21b6ea5caea}</UniqueIdentifier>
    </Filter>
    <Filter Include="Shader\Debug">
      <UniqueIdentifier>{555f52a6-6015-41ce-848e-97d893136732}</UniqueIdentifier>
    </Filter>
  </ItemGroup>
  <ItemGroup>
    <ClInclude Include="Renderer.h">
      <Filter>Render</Filter>
    </ClInclude>
    <ClInclude Include="WindowManager.h">
      <Filter>Window</Filter>
    </ClInclude>
    <ClInclude Include="Scene.h">
      <Filter>Scene</Filter>
    </ClInclude>
    <ClInclude Include="Object.h">
      <Filter>Object</Filter>
    </ClInclude>
    <ClInclude Include="ObjFileParser.h">
      <Filter>Parser</Filter>
    </ClInclude>
    <ClInclude Include="Component.h">
      <Filter>Component</Filter>
    </ClInclude>
    <ClInclude Include="Camera.h">
      <Filter>Component\RenderingRelated</Filter>
    </ClInclude>
    <ClInclude Include="Light.h">
      <Filter>Component\RenderingRelated</Filter>
    </ClInclude>
    <ClInclude Include="Shape.h">
      <Filter>Component\RenderingRelated</Filter>
    </ClInclude>
    <ClInclude Include="Collider.h">
      <Filter>Component</Filter>
    </ClInclude>
    <ClInclude Include="pch.h" />
    <ClInclude Include="GameManager.h">
      <Filter>Game</Filter>
    </ClInclude>
    <ClInclude Include="RandomNumberGenerator.h">
      <Filter>Game</Filter>
    </ClInclude>
    <ClInclude Include="Singleton.h">
      <Filter>Game</Filter>
    </ClInclude>
  </ItemGroup>
  <ItemGroup>
    <None Include="packages.config" />
  </ItemGroup>
  <ItemGroup>
    <FxCompile Include="..\Assets\Default\Shader\PixelShader\PixelShader.hlsl">
      <Filter>Shader</Filter>
    </FxCompile>
    <FxCompile Include="..\Assets\Default\Shader\VertexShader\VertexShader.hlsl">
      <Filter>Shader</Filter>
    </FxCompile>
    <FxCompile Include="..\Assets\Default\Shader\PixelShader\PSPerspectiveDepth.hlsl">
      <Filter>Shader\Shadow</Filter>
    </FxCompile>
    <FxCompile Include="..\Assets\Default\Shader\VertexShader\VSPerspectiveDepth.hlsl">
      <Filter>Shader\Shadow</Filter>
    </FxCompile>
    <FxCompile Include="..\Assets\Default\Shader\PixelShader\PSOrthographicDepth.hlsl">
      <Filter>Shader\Shadow</Filter>
    </FxCompile>
    <FxCompile Include="..\Assets\Default\Shader\VertexShader\VSOrthographicDepth.hlsl">
      <Filter>Shader\Shadow</Filter>
    </FxCompile>
    <FxCompile Include="..\Assets\Default\Shader\GeometryShader\GSShowNormal.hlsl">
      <Filter>Shader\Debug</Filter>
    </FxCompile>
    <FxCompile Include="..\Assets\Default\Shader\PixelShader\PSShowNormal.hlsl">
      <Filter>Shader\Debug</Filter>
    </FxCompile>
    <FxCompile Include="..\Assets\Default\Shader\VertexShader\VSShowNormal.hlsl">
      <Filter>Shader\Debug</Filter>
    </FxCompile>
  </ItemGroup>
</Project>